
Microsoft Visual Studio Solution File, Format Version 12.00
# Visual Studio Version 17
VisualStudioVersion = 17.14.36202.13 d17.14
MinimumVisualStudioVersion = 10.0.40219.1
Project("{FAE04EC0-301F-11D3-BF4B-00C04F79EFBC}") = "TurboDesktop", "TurboDesktop\TurboDesktop.csproj", "{40F5BEAE-6797-4471-B9D2-0A68D06621E3}"
EndProject
Project("{FAE04EC0-301F-11D3-BF4B-00C04F79EFBC}") = "TurboDesktop.Example", "TurboDesktop.Example\TurboDesktop.Example.csproj", "{81087056-9D84-428C-97BE-DE37207EAAAB}"
EndProject
Global
	GlobalSection(SolutionConfigurationPlatforms) = preSolution
		Debug|Any CPU = Debug|Any CPU
		Release|Any CPU = Release|Any CPU
	EndGlobalSection
	GlobalSection(ProjectConfigurationPlatforms) = postSolution
		{40F5BEAE-6797-4471-B9D2-0A68D06621E3}.Debug|Any CPU.ActiveCfg = Debug|Any CPU
		{40F5BEAE-6797-4471-B9D2-0A68D06621E3}.Debug|Any CPU.Build.0 = Debug|Any CPU
		{40F5BEAE-6797-4471-B9D2-0A68D06621E3}.Release|Any CPU.ActiveCfg = Release|Any CPU
		{40F5BEAE-6797-4471-B9D2-0A68D06621E3}.Release|Any CPU.Build.0 = Release|Any CPU
		{81087056-9D84-428C-97BE-DE37207EAAAB}.Debug|Any CPU.ActiveCfg = Debug|Any CPU
		{81087056-9D84-428C-97BE-DE37207EAAAB}.Debug|Any CPU.Build.0 = Debug|Any CPU
		{81087056-9D84-428C-97BE-DE37207EAAAB}.Release|Any CPU.ActiveCfg = Release|Any CPU
		{81087056-9D84-428C-97BE-DE37207EAAAB}.Release|Any CPU.Build.0 = Release|Any CPU
	EndGlobalSection
	GlobalSection(SolutionProperties) = preSolution
		HideSolutionNode = FALSE
	EndGlobalSection
	GlobalSection(ExtensibilityGlobals) = postSolution
		SolutionGuid = {8DAE2978-65B7-4118-82EA-8762B6A5A995}
	EndGlobalSection
EndGlobal
